
Microsoft Visual Studio Solution File, Format Version 9.00
# Visual Studio 2005
Project("{8BC9CEB8-8B4A-11D0-8D11-00A0C91BC942}") = "Skin", "Skin.vcproj", "{C86DCDEE-F997-4894-B2D5-04E7FC4C7248}"
EndProject
Global
	GlobalSection(SolutionConfigurationPlatforms) = preSolution
		Debug|Win32 = Debug|Win32
		Release|Win32 = Release|Win32
	EndGlobalSection
	GlobalSection(ProjectConfigurationPlatforms) = postSolution
		{C86DCDEE-F997-4894-B2D5-04E7FC4C7248}.Debug|Win32.ActiveCfg = Debug|Win32
		{C86DCDEE-F997-4894-B2D5-04E7FC4C7248}.Debug|Win32.Build.0 = Debug|Win32
		{C86DCDEE-F997-4894-B2D5-04E7FC4C7248}.Release|Win32.ActiveCfg = Release|Win32
		{C86DCDEE-F997-4894-B2D5-04E7FC4C7248}.Release|Win32.Build.0 = Release|Win32
	EndGlobalSection
	GlobalSection(SolutionProperties) = preSolution
		HideSolutionNode = FALSE
	EndGlobalSection
EndGlobal
