
Microsoft Visual Studio Solution File, Format Version 9.00
# Visual Studio 2005
Project("{8BC9CEB8-8B4A-11D0-8D11-00A0C91BC942}") = "Odbctest", "Odbctest.vcproj", "{122AA07F-CD3A-4D38-967D-BC43147D51AD}"
EndProject
Global
	GlobalSection(SolutionConfigurationPlatforms) = preSolution
		Debug|Win32 = Debug|Win32
		Release|Win32 = Release|Win32
	EndGlobalSection
	GlobalSection(ProjectConfigurationPlatforms) = postSolution
		{122AA07F-CD3A-4D38-967D-BC43147D51AD}.Debug|Win32.ActiveCfg = Debug|Win32
		{122AA07F-CD3A-4D38-967D-BC43147D51AD}.Debug|Win32.Build.0 = Debug|Win32
		{122AA07F-CD3A-4D38-967D-BC43147D51AD}.Release|Win32.ActiveCfg = Release|Win32
		{122AA07F-CD3A-4D38-967D-BC43147D51AD}.Release|Win32.Build.0 = Release|Win32
	EndGlobalSection
	GlobalSection(SolutionProperties) = preSolution
		HideSolutionNode = FALSE
	EndGlobalSection
EndGlobal
