
Microsoft Visual Studio Solution File, Format Version 9.00
# Visual Studio 2005
Project("{FAE04EC0-301F-11D3-BF4B-00C04F79EFBC}") = "test_propertygrid", "test_propertygrid.csproj", "{28DDCE8B-B05F-4D1C-9A08-8A38B9EF48EA}"
EndProject
Global
	GlobalSection(SolutionConfigurationPlatforms) = preSolution
		Debug|Any CPU = Debug|Any CPU
		Release|Any CPU = Release|Any CPU
	EndGlobalSection
	GlobalSection(ProjectConfigurationPlatforms) = postSolution
		{28DDCE8B-B05F-4D1C-9A08-8A38B9EF48EA}.Debug|Any CPU.ActiveCfg = Debug|Any CPU
		{28DDCE8B-B05F-4D1C-9A08-8A38B9EF48EA}.Debug|Any CPU.Build.0 = Debug|Any CPU
		{28DDCE8B-B05F-4D1C-9A08-8A38B9EF48EA}.Release|Any CPU.ActiveCfg = Release|Any CPU
		{28DDCE8B-B05F-4D1C-9A08-8A38B9EF48EA}.Release|Any CPU.Build.0 = Release|Any CPU
	EndGlobalSection
	GlobalSection(SolutionProperties) = preSolution
		HideSolutionNode = FALSE
	EndGlobalSection
EndGlobal
