
Microsoft Visual Studio Solution File, Format Version 9.00
# Visual Studio 2005
Project("{8BC9CEB8-8B4A-11D0-8D11-00A0C91BC942}") = "pymodtest", "pymodtest\pymodtest.vcproj", "{B3B3977D-CA76-4A3E-978E-09477773E090}"
EndProject
Project("{8BC9CEB8-8B4A-11D0-8D11-00A0C91BC942}") = "mod2", "mod2\mod2.vcproj", "{246D2E57-0685-42B2-B11F-B1CE7200D185}"
EndProject
Global
	GlobalSection(SolutionConfigurationPlatforms) = preSolution
		Debug|Win32 = Debug|Win32
		Release|Win32 = Release|Win32
	EndGlobalSection
	GlobalSection(ProjectConfigurationPlatforms) = postSolution
		{B3B3977D-CA76-4A3E-978E-09477773E090}.Debug|Win32.ActiveCfg = Debug|Win32
		{B3B3977D-CA76-4A3E-978E-09477773E090}.Debug|Win32.Build.0 = Debug|Win32
		{B3B3977D-CA76-4A3E-978E-09477773E090}.Release|Win32.ActiveCfg = Release|Win32
		{B3B3977D-CA76-4A3E-978E-09477773E090}.Release|Win32.Build.0 = Release|Win32
		{246D2E57-0685-42B2-B11F-B1CE7200D185}.Debug|Win32.ActiveCfg = Debug|Win32
		{246D2E57-0685-42B2-B11F-B1CE7200D185}.Debug|Win32.Build.0 = Debug|Win32
		{246D2E57-0685-42B2-B11F-B1CE7200D185}.Release|Win32.ActiveCfg = Release|Win32
		{246D2E57-0685-42B2-B11F-B1CE7200D185}.Release|Win32.Build.0 = Release|Win32
	EndGlobalSection
	GlobalSection(SolutionProperties) = preSolution
		HideSolutionNode = FALSE
	EndGlobalSection
EndGlobal
